PODS:
  - XExtensionItem (0.9.2):
    - XExtensionItem/Core (= 0.9.2)
    - XExtensionItem/Tumblr (= 0.9.2)
  - XExtensionItem/Core (0.9.2)
  - XExtensionItem/Tumblr (0.9.2):
    - XExtensionItem/Core

DEPENDENCIES:
  - XExtensionItem (from `../`)

EXTERNAL SOURCES:
  XExtensionItem:
    :path: ../

SPEC CHECKSUMS:
  XExtensionItem: 7d9707d4beddfd50c25085e7ad90f83bed66ba3d

COCOAPODS: 0.37.1
