PODS:
  - XExtensionItem (0.9.4):
    - XExtensionItem/Core (= 0.9.4)
    - XExtensionItem/Tumblr (= 0.9.4)
  - XExtensionItem/Core (0.9.4)
  - XExtensionItem/Tumblr (0.9.4):
    - XExtensionItem/Core

DEPENDENCIES:
  - XExtensionItem (from `../`)

EXTERNAL SOURCES:
  XExtensionItem:
    :path: "../"

SPEC CHECKSUMS:
  XExtensionItem: c4ad8e29c24cc659f2d0809eab4a323bbb71b85a

PODFILE CHECKSUM: 554caad78239ef599f12ad25adf85ca12a1ec0fd

COCOAPODS: 1.15.2
