PODS:
  - XExtensionItem (0.2.0):
    - XExtensionItem/Core (= 0.2.0)
    - XExtensionItem/Tumblr (= 0.2.0)
  - XExtensionItem/Core (0.2.0)
  - XExtensionItem/Tumblr (0.2.0):
    - XExtensionItem/Core

DEPENDENCIES:
  - XExtensionItem (from `../`)

EXTERNAL SOURCES:
  XExtensionItem:
    :path: ../

SPEC CHECKSUMS:
  XExtensionItem: 0bf37932e1ad0b616425f402eecb6d7c6595a9b7

COCOAPODS: 0.37.1
