// !$*UTF8*$!
{
	archiveVersion = 1;
	classes = {
	};
	objectVersion = 46;
	objects = {

/* Begin PBXBuildFile section */
		93224ACC1A374871001ADB90 /* XExtensionItemTypeSafeDictionaryValuesTests.m in Sources */ = {isa = PBXBuildFile; fileRef = 93224ACB1A374871001ADB90 /* XExtensionItemTypeSafeDictionaryValuesTests.m */; };
		9369F86A19F5B9710045FCF5 /* XExtensionItemSourceApplication.m in Sources */ = {isa = PBXBuildFile; fileRef = 9369F86919F5B9710045FCF5 /* XExtensionItemSourceApplication.m */; };
		9369F86D19F5BD2E0045FCF5 /* XExtensionItemParameters.m in Sources */ = {isa = PBXBuildFile; fileRef = 9369F86C19F5BD2E0045FCF5 /* XExtensionItemParameters.m */; };
		939954C51A1BB4740032F123 /* XExtensionItemParametersTests.m in Sources */ = {isa = PBXBuildFile; fileRef = 939954C41A1BB4740032F123 /* XExtensionItemParametersTests.m */; };
		939954C61A1BB4740032F123 /* libXExtensionItem.a in Frameworks */ = {isa = PBXBuildFile; fileRef = 9369F84B19F593820045FCF5 /* libXExtensionItem.a */; };
		93E1046E1A2FADD000C8D9A7 /* XExtensionItemTypeSafeDictionaryValues.m in Sources */ = {isa = PBXBuildFile; fileRef = 93E1046D1A2FADD000C8D9A7 /* XExtensionItemTypeSafeDictionaryValues.m */; };
		93F9A4F11A1BADE20003EBE2 /* XExtensionItemMutableParameters.m in Sources */ = {isa = PBXBuildFile; fileRef = 93F9A4F01A1BADE20003EBE2 /* XExtensionItemMutableParameters.m */; };
/* End PBXBuildFile section */

/* Begin PBXContainerItemProxy section */
		939954C71A1BB4740032F123 /* PBXContainerItemProxy */ = {
			isa = PBXContainerItemProxy;
			containerPortal = 9369F84319F593820045FCF5 /* Project object */;
			proxyType = 1;
			remoteGlobalIDString = 9369F84A19F593820045FCF5;
			remoteInfo = XExtensionItem;
		};
/* End PBXContainerItemProxy section */

/* Begin PBXCopyFilesBuildPhase section */
		9369F84919F593820045FCF5 /* CopyFiles */ = {
			isa = PBXCopyFilesBuildPhase;
			buildActionMask = 2147483647;
			dstPath = "include/$(PRODUCT_NAME)";
			dstSubfolderSpec = 16;
			files = (
			);
			runOnlyForDeploymentPostprocessing = 0;
		};
/* End PBXCopyFilesBuildPhase section */

/* Begin PBXFileReference section */
		93224ACB1A374871001ADB90 /* XExtensionItemTypeSafeDictionaryValuesTests.m */ = {isa = PBXFileReference; fileEncoding = 4; lastKnownFileType = sourcecode.c.objc; path = XExtensionItemTypeSafeDictionaryValuesTests.m; sourceTree = "<group>"; };
		9369F84B19F593820045FCF5 /* libXExtensionItem.a */ = {isa = PBXFileReference; explicitFileType = archive.ar; includeInIndex = 0; path = libXExtensionItem.a; sourceTree = BUILT_PRODUCTS_DIR; };
		9369F86819F5B9710045FCF5 /* XExtensionItemSourceApplication.h */ = {isa = PBXFileReference; fileEncoding = 4; lastKnownFileType = sourcecode.c.h; path = XExtensionItemSourceApplication.h; sourceTree = "<group>"; };
		9369F86919F5B9710045FCF5 /* XExtensionItemSourceApplication.m */ = {isa = PBXFileReference; fileEncoding = 4; lastKnownFileType = sourcecode.c.objc; path = XExtensionItemSourceApplication.m; sourceTree = "<group>"; };
		9369F86B19F5BD2E0045FCF5 /* XExtensionItemParameters.h */ = {isa = PBXFileReference; fileEncoding = 4; lastKnownFileType = sourcecode.c.h; path = XExtensionItemParameters.h; sourceTree = "<group>"; };
		9369F86C19F5BD2E0045FCF5 /* XExtensionItemParameters.m */ = {isa = PBXFileReference; fileEncoding = 4; lastKnownFileType = sourcecode.c.objc; path = XExtensionItemParameters.m; sourceTree = "<group>"; };
		939954C01A1BB4740032F123 /* Tests.xctest */ = {isa = PBXFileReference; explicitFileType = wrapper.cfbundle; includeInIndex = 0; path = Tests.xctest; sourceTree = BUILT_PRODUCTS_DIR; };
		939954C31A1BB4740032F123 /* Info.plist */ = {isa = PBXFileReference; lastKnownFileType = text.plist.xml; path = Info.plist; sourceTree = "<group>"; };
		939954C41A1BB4740032F123 /* XExtensionItemParametersTests.m */ = {isa = PBXFileReference; lastKnownFileType = sourcecode.c.objc; path = XExtensionItemParametersTests.m; sourceTree = "<group>"; };
		93E1046B1A2FAB9A00C8D9A7 /* XExtensionItemDictionarySerializing.h */ = {isa = PBXFileReference; fileEncoding = 4; lastKnownFileType = sourcecode.c.h; path = XExtensionItemDictionarySerializing.h; sourceTree = "<group>"; };
		93E1046C1A2FADD000C8D9A7 /* XExtensionItemTypeSafeDictionaryValues.h */ = {isa = PBXFileReference; fileEncoding = 4; lastKnownFileType = sourcecode.c.h; path = XExtensionItemTypeSafeDictionaryValues.h; sourceTree = "<group>"; };
		93E1046D1A2FADD000C8D9A7 /* XExtensionItemTypeSafeDictionaryValues.m */ = {isa = PBXFileReference; fileEncoding = 4; lastKnownFileType = sourcecode.c.objc; path = XExtensionItemTypeSafeDictionaryValues.m; sourceTree = "<group>"; };
		93F9A4EF1A1BADE20003EBE2 /* XExtensionItemMutableParameters.h */ = {isa = PBXFileReference; fileEncoding = 4; lastKnownFileType = sourcecode.c.h; path = XExtensionItemMutableParameters.h; sourceTree = "<group>"; };
		93F9A4F01A1BADE20003EBE2 /* XExtensionItemMutableParameters.m */ = {isa = PBXFileReference; fileEncoding = 4; lastKnownFileType = sourcecode.c.objc; path = XExtensionItemMutableParameters.m; sourceTree = "<group>"; };
/* End PBXFileReference section */

/* Begin PBXFrameworksBuildPhase section */
		9369F84819F593820045FCF5 /* Frameworks */ = {
			isa = PBXFrameworksBuildPhase;
			buildActionMask = 2147483647;
			files = (
			);
			runOnlyForDeploymentPostprocessing = 0;
		};
		939954BD1A1BB4740032F123 /* Frameworks */ = {
			isa = PBXFrameworksBuildPhase;
			buildActionMask = 2147483647;
			files = (
				939954C61A1BB4740032F123 /* libXExtensionItem.a in Frameworks */,
			);
			runOnlyForDeploymentPostprocessing = 0;
		};
/* End PBXFrameworksBuildPhase section */

/* Begin PBXGroup section */
		9369F84219F593820045FCF5 = {
			isa = PBXGroup;
			children = (
				9369F84D19F593820045FCF5 /* XExtensionItem */,
				939954C11A1BB4740032F123 /* Tests */,
				9369F84C19F593820045FCF5 /* Products */,
			);
			sourceTree = "<group>";
		};
		9369F84C19F593820045FCF5 /* Products */ = {
			isa = PBXGroup;
			children = (
				9369F84B19F593820045FCF5 /* libXExtensionItem.a */,
				939954C01A1BB4740032F123 /* Tests.xctest */,
			);
			name = Products;
			sourceTree = "<group>";
		};
		9369F84D19F593820045FCF5 /* XExtensionItem */ = {
			isa = PBXGroup;
			children = (
				93E1046B1A2FAB9A00C8D9A7 /* XExtensionItemDictionarySerializing.h */,
				93F9A4EF1A1BADE20003EBE2 /* XExtensionItemMutableParameters.h */,
				93F9A4F01A1BADE20003EBE2 /* XExtensionItemMutableParameters.m */,
				9369F86B19F5BD2E0045FCF5 /* XExtensionItemParameters.h */,
				9369F86C19F5BD2E0045FCF5 /* XExtensionItemParameters.m */,
				9369F86819F5B9710045FCF5 /* XExtensionItemSourceApplication.h */,
				9369F86919F5B9710045FCF5 /* XExtensionItemSourceApplication.m */,
				93E1046C1A2FADD000C8D9A7 /* XExtensionItemTypeSafeDictionaryValues.h */,
				93E1046D1A2FADD000C8D9A7 /* XExtensionItemTypeSafeDictionaryValues.m */,
			);
			path = XExtensionItem;
			sourceTree = "<group>";
		};
		939954C11A1BB4740032F123 /* Tests */ = {
			isa = PBXGroup;
			children = (
				939954C41A1BB4740032F123 /* XExtensionItemParametersTests.m */,
				93224ACB1A374871001ADB90 /* XExtensionItemTypeSafeDictionaryValuesTests.m */,
				939954C21A1BB4740032F123 /* Supporting Files */,
			);
			path = Tests;
			sourceTree = "<group>";
		};
		939954C21A1BB4740032F123 /* Supporting Files */ = {
			isa = PBXGroup;
			children = (
				939954C31A1BB4740032F123 /* Info.plist */,
			);
			name = "Supporting Files";
			sourceTree = "<group>";
		};
/* End PBXGroup section */

/* Begin PBXNativeTarget section */
		9369F84A19F593820045FCF5 /* XExtensionItem */ = {
			isa = PBXNativeTarget;
			buildConfigurationList = 9369F85C19F593820045FCF5 /* Build configuration list for PBXNativeTarget "XExtensionItem" */;
			buildPhases = (
				9369F84719F593820045FCF5 /* Sources */,
				9369F84819F593820045FCF5 /* Frameworks */,
				9369F84919F593820045FCF5 /* CopyFiles */,
			);
			buildRules = (
			);
			dependencies = (
			);
			name = XExtensionItem;
			productName = XExtensionItem;
			productReference = 9369F84B19F593820045FCF5 /* libXExtensionItem.a */;
			productType = "com.apple.product-type.library.static";
		};
		939954BF1A1BB4740032F123 /* Tests */ = {
			isa = PBXNativeTarget;
			buildConfigurationList = 939954C91A1BB4740032F123 /* Build configuration list for PBXNativeTarget "Tests" */;
			buildPhases = (
				939954BC1A1BB4740032F123 /* Sources */,
				939954BD1A1BB4740032F123 /* Frameworks */,
				939954BE1A1BB4740032F123 /* Resources */,
			);
			buildRules = (
			);
			dependencies = (
				939954C81A1BB4740032F123 /* PBXTargetDependency */,
			);
			name = Tests;
			productName = Tests;
			productReference = 939954C01A1BB4740032F123 /* Tests.xctest */;
			productType = "com.apple.product-type.bundle.unit-test";
		};
/* End PBXNativeTarget section */

/* Begin PBXProject section */
		9369F84319F593820045FCF5 /* Project object */ = {
			isa = PBXProject;
			attributes = {
				LastUpgradeCheck = 0600;
				ORGANIZATIONNAME = "Bryan Irace";
				TargetAttributes = {
					9369F84A19F593820045FCF5 = {
						CreatedOnToolsVersion = 6.0.1;
					};
					939954BF1A1BB4740032F123 = {
						CreatedOnToolsVersion = 6.1;
					};
				};
			};
			buildConfigurationList = 9369F84619F593820045FCF5 /* Build configuration list for PBXProject "XExtensionItem" */;
			compatibilityVersion = "Xcode 3.2";
			developmentRegion = English;
			hasScannedForEncodings = 0;
			knownRegions = (
				en,
			);
			mainGroup = 9369F84219F593820045FCF5;
			productRefGroup = 9369F84C19F593820045FCF5 /* Products */;
			projectDirPath = "";
			projectRoot = "";
			targets = (
				9369F84A19F593820045FCF5 /* XExtensionItem */,
				939954BF1A1BB4740032F123 /* Tests */,
			);
		};
/* End PBXProject section */

/* Begin PBXResourcesBuildPhase section */
		939954BE1A1BB4740032F123 /* Resources */ = {
			isa = PBXResourcesBuildPhase;
			buildActionMask = 2147483647;
			files = (
			);
			runOnlyForDeploymentPostprocessing = 0;
		};
/* End PBXResourcesBuildPhase section */

/* Begin PBXSourcesBuildPhase section */
		9369F84719F593820045FCF5 /* Sources */ = {
			isa = PBXSourcesBuildPhase;
			buildActionMask = 2147483647;
			files = (
				9369F86D19F5BD2E0045FCF5 /* XExtensionItemParameters.m in Sources */,
				93F9A4F11A1BADE20003EBE2 /* XExtensionItemMutableParameters.m in Sources */,
				93E1046E1A2FADD000C8D9A7 /* XExtensionItemTypeSafeDictionaryValues.m in Sources */,
				9369F86A19F5B9710045FCF5 /* XExtensionItemSourceApplication.m in Sources */,
			);
			runOnlyForDeploymentPostprocessing = 0;
		};
		939954BC1A1BB4740032F123 /* Sources */ = {
			isa = PBXSourcesBuildPhase;
			buildActionMask = 2147483647;
			files = (
				93224ACC1A374871001ADB90 /* XExtensionItemTypeSafeDictionaryValuesTests.m in Sources */,
				939954C51A1BB4740032F123 /* XExtensionItemParametersTests.m in Sources */,
			);
			runOnlyForDeploymentPostprocessing = 0;
		};
/* End PBXSourcesBuildPhase section */

/* Begin PBXTargetDependency section */
		939954C81A1BB4740032F123 /* PBXTargetDependency */ = {
			isa = PBXTargetDependency;
			target = 9369F84A19F593820045FCF5 /* XExtensionItem */;
			targetProxy = 939954C71A1BB4740032F123 /* PBXContainerItemProxy */;
		};
/* End PBXTargetDependency section */

/* Begin XCBuildConfiguration section */
		9369F85A19F593820045FCF5 /* Debug */ = {
			isa = XCBuildConfiguration;
			buildSettings = {
				ALWAYS_SEARCH_USER_PATHS = NO;
				CLANG_CXX_LANGUAGE_STANDARD = "gnu++0x";
				CLANG_CXX_LIBRARY = "libc++";
				CLANG_ENABLE_MODULES = YES;
				CLANG_ENABLE_OBJC_ARC = YES;
				CLANG_WARN_BOOL_CONVERSION = YES;
				CLANG_WARN_CONSTANT_CONVERSION = YES;
				CLANG_WARN_DIRECT_OBJC_ISA_USAGE = YES_ERROR;
				CLANG_WARN_EMPTY_BODY = YES;
				CLANG_WARN_ENUM_CONVERSION = YES;
				CLANG_WARN_INT_CONVERSION = YES;
				CLANG_WARN_OBJC_ROOT_CLASS = YES_ERROR;
				CLANG_WARN_UNREACHABLE_CODE = YES;
				CLANG_WARN__DUPLICATE_METHOD_MATCH = YES;
				COPY_PHASE_STRIP = NO;
				ENABLE_STRICT_OBJC_MSGSEND = YES;
				GCC_C_LANGUAGE_STANDARD = gnu99;
				GCC_DYNAMIC_NO_PIC = NO;
				GCC_OPTIMIZATION_LEVEL = 0;
				GCC_PREPROCESSOR_DEFINITIONS = (
					"DEBUG=1",
					"$(inherited)",
				);
				GCC_SYMBOLS_PRIVATE_EXTERN = NO;
				GCC_WARN_64_TO_32_BIT_CONVERSION = YES;
				GCC_WARN_ABOUT_RETURN_TYPE = YES_ERROR;
				GCC_WARN_UNDECLARED_SELECTOR = YES;
				GCC_WARN_UNINITIALIZED_AUTOS = YES_AGGRESSIVE;
				GCC_WARN_UNUSED_FUNCTION = YES;
				GCC_WARN_UNUSED_VARIABLE = YES;
				IPHONEOS_DEPLOYMENT_TARGET = 8.0;
				MTL_ENABLE_DEBUG_INFO = YES;
				ONLY_ACTIVE_ARCH = YES;
				SDKROOT = iphoneos;
			};
			name = Debug;
		};
		9369F85B19F593820045FCF5 /* Release */ = {
			isa = XCBuildConfiguration;
			buildSettings = {
				ALWAYS_SEARCH_USER_PATHS = NO;
				CLANG_CXX_LANGUAGE_STANDARD = "gnu++0x";
				CLANG_CXX_LIBRARY = "libc++";
				CLANG_ENABLE_MODULES = YES;
				CLANG_ENABLE_OBJC_ARC = YES;
				CLANG_WARN_BOOL_CONVERSION = YES;
				CLANG_WARN_CONSTANT_CONVERSION = YES;
				CLANG_WARN_DIRECT_OBJC_ISA_USAGE = YES_ERROR;
				CLANG_WARN_EMPTY_BODY = YES;
				CLANG_WARN_ENUM_CONVERSION = YES;
				CLANG_WARN_INT_CONVERSION = YES;
				CLANG_WARN_OBJC_ROOT_CLASS = YES_ERROR;
				CLANG_WARN_UNREACHABLE_CODE = YES;
				CLANG_WARN__DUPLICATE_METHOD_MATCH = YES;
				COPY_PHASE_STRIP = YES;
				ENABLE_NS_ASSERTIONS = NO;
				ENABLE_STRICT_OBJC_MSGSEND = YES;
				GCC_C_LANGUAGE_STANDARD = gnu99;
				GCC_WARN_64_TO_32_BIT_CONVERSION = YES;
				GCC_WARN_ABOUT_RETURN_TYPE = YES_ERROR;
				GCC_WARN_UNDECLARED_SELECTOR = YES;
				GCC_WARN_UNINITIALIZED_AUTOS = YES_AGGRESSIVE;
				GCC_WARN_UNUSED_FUNCTION = YES;
				GCC_WARN_UNUSED_VARIABLE = YES;
				IPHONEOS_DEPLOYMENT_TARGET = 8.0;
				MTL_ENABLE_DEBUG_INFO = NO;
				SDKROOT = iphoneos;
				VALIDATE_PRODUCT = YES;
			};
			name = Release;
		};
		9369F85D19F593820045FCF5 /* Debug */ = {
			isa = XCBuildConfiguration;
			buildSettings = {
				OTHER_LDFLAGS = "-ObjC";
				PRODUCT_NAME = "$(TARGET_NAME)";
				SKIP_INSTALL = YES;
			};
			name = Debug;
		};
		9369F85E19F593820045FCF5 /* Release */ = {
			isa = XCBuildConfiguration;
			buildSettings = {
				OTHER_LDFLAGS = "-ObjC";
				PRODUCT_NAME = "$(TARGET_NAME)";
				SKIP_INSTALL = YES;
			};
			name = Release;
		};
		939954CA1A1BB4740032F123 /* Debug */ = {
			isa = XCBuildConfiguration;
			buildSettings = {
				FRAMEWORK_SEARCH_PATHS = (
					"$(SDKROOT)/Developer/Library/Frameworks",
					"$(inherited)",
				);
				GCC_PREPROCESSOR_DEFINITIONS = (
					"DEBUG=1",
					"$(inherited)",
				);
				INFOPLIST_FILE = Tests/Info.plist;
				IPHONEOS_DEPLOYMENT_TARGET = 8.1;
				LD_RUNPATH_SEARCH_PATHS = "$(inherited) @executable_path/Frameworks @loader_path/Frameworks";
				PRODUCT_NAME = "$(TARGET_NAME)";
			};
			name = Debug;
		};
		939954CB1A1BB4740032F123 /* Release */ = {
			isa = XCBuildConfiguration;
			buildSettings = {
				FRAMEWORK_SEARCH_PATHS = (
					"$(SDKROOT)/Developer/Library/Frameworks",
					"$(inherited)",
				);
				INFOPLIST_FILE = Tests/Info.plist;
				IPHONEOS_DEPLOYMENT_TARGET = 8.1;
				LD_RUNPATH_SEARCH_PATHS = "$(inherited) @executable_path/Frameworks @loader_path/Frameworks";
				PRODUCT_NAME = "$(TARGET_NAME)";
			};
			name = Release;
		};
/* End XCBuildConfiguration section */

/* Begin XCConfigurationList section */
		9369F84619F593820045FCF5 /* Build configuration list for PBXProject "XExtensionItem" */ = {
			isa = XCConfigurationList;
			buildConfigurations = (
				9369F85A19F593820045FCF5 /* Debug */,
				9369F85B19F593820045FCF5 /* Release */,
			);
			defaultConfigurationIsVisible = 0;
			defaultConfigurationName = Release;
		};
		9369F85C19F593820045FCF5 /* Build configuration list for PBXNativeTarget "XExtensionItem" */ = {
			isa = XCConfigurationList;
			buildConfigurations = (
				9369F85D19F593820045FCF5 /* Debug */,
				9369F85E19F593820045FCF5 /* Release */,
			);
			defaultConfigurationIsVisible = 0;
			defaultConfigurationName = Release;
		};
		939954C91A1BB4740032F123 /* Build configuration list for PBXNativeTarget "Tests" */ = {
			isa = XCConfigurationList;
			buildConfigurations = (
				939954CA1A1BB4740032F123 /* Debug */,
				939954CB1A1BB4740032F123 /* Release */,
			);
			defaultConfigurationIsVisible = 0;
			defaultConfigurationName = Release;
		};
/* End XCConfigurationList section */
	};
	rootObject = 9369F84319F593820045FCF5 /* Project object */;
}
