// !$*UTF8*$!
{
	archiveVersion = 1;
	classes = {
	};
	objectVersion = 46;
	objects = {

/* Begin PBXBuildFile section */
		5B933684259D06EE12836191 /* libPods.a in Frameworks */ = {isa = PBXBuildFile; fileRef = 8A0A5BD989C53AE5D100FE31 /* libPods.a */; };
		93987BD61A36556B005209A6 /* main.m in Sources */ = {isa = PBXBuildFile; fileRef = 93987BD51A36556B005209A6 /* main.m */; };
		93987BD91A36556B005209A6 /* AppDelegate.m in Sources */ = {isa = PBXBuildFile; fileRef = 93987BD81A36556B005209A6 /* AppDelegate.m */; };
		93987BDC1A36556B005209A6 /* ViewController.m in Sources */ = {isa = PBXBuildFile; fileRef = 93987BDB1A36556B005209A6 /* ViewController.m */; };
		93987BDF1A36556B005209A6 /* Main.storyboard in Resources */ = {isa = PBXBuildFile; fileRef = 93987BDD1A36556B005209A6 /* Main.storyboard */; };
		93987BE11A36556B005209A6 /* Images.xcassets in Resources */ = {isa = PBXBuildFile; fileRef = 93987BE01A36556B005209A6 /* Images.xcassets */; };
		93987BE41A36556B005209A6 /* LaunchScreen.xib in Resources */ = {isa = PBXBuildFile; fileRef = 93987BE21A36556B005209A6 /* LaunchScreen.xib */; };
		93CFFD901A3656D6009E8F3A /* ShareViewController.m in Sources */ = {isa = PBXBuildFile; fileRef = 93CFFD8F1A3656D6009E8F3A /* ShareViewController.m */; };
		93CFFD921A3656D6009E8F3A /* MainInterface.storyboard in Resources */ = {isa = PBXBuildFile; fileRef = 93CFFD911A3656D6009E8F3A /* MainInterface.storyboard */; };
		93CFFD951A3656D6009E8F3A /* XExtensionItemShareExtensionExample.appex in Embed App Extensions */ = {isa = PBXBuildFile; fileRef = 93CFFD8A1A3656D6009E8F3A /* XExtensionItemShareExtensionExample.appex */; settings = {ATTRIBUTES = (RemoveHeadersOnCopy, ); }; };
		93CFFD9B1A36582B009E8F3A /* thumbnail.png in Resources */ = {isa = PBXBuildFile; fileRef = 93CFFD9A1A36582B009E8F3A /* thumbnail.png */; };
		93CFFD9E1A3659F6009E8F3A /* TumblrCustomShareParameters.m in Sources */ = {isa = PBXBuildFile; fileRef = 93CFFD9D1A3659F6009E8F3A /* TumblrCustomShareParameters.m */; };
		93CFFD9F1A365CDF009E8F3A /* TumblrCustomShareParameters.m in Sources */ = {isa = PBXBuildFile; fileRef = 93CFFD9D1A3659F6009E8F3A /* TumblrCustomShareParameters.m */; };
		93F852551A3792D000B36271 /* MobileCoreServices.framework in Frameworks */ = {isa = PBXBuildFile; fileRef = 93F852541A3792D000B36271 /* MobileCoreServices.framework */; };
		BDF37BDF28A9B7B324770E4E /* libPods.a in Frameworks */ = {isa = PBXBuildFile; fileRef = 8A0A5BD989C53AE5D100FE31 /* libPods.a */; };
/* End PBXBuildFile section */

/* Begin PBXContainerItemProxy section */
		93CFFD931A3656D6009E8F3A /* PBXContainerItemProxy */ = {
			isa = PBXContainerItemProxy;
			containerPortal = 93987BC81A36556B005209A6 /* Project object */;
			proxyType = 1;
			remoteGlobalIDString = 93CFFD891A3656D6009E8F3A;
			remoteInfo = XExtensionItemShareExtensionExample;
		};
/* End PBXContainerItemProxy section */

/* Begin PBXCopyFilesBuildPhase section */
		93CFFD991A3656D6009E8F3A /* Embed App Extensions */ = {
			isa = PBXCopyFilesBuildPhase;
			buildActionMask = 2147483647;
			dstPath = "";
			dstSubfolderSpec = 13;
			files = (
				93CFFD951A3656D6009E8F3A /* XExtensionItemShareExtensionExample.appex in Embed App Extensions */,
			);
			name = "Embed App Extensions";
			runOnlyForDeploymentPostprocessing = 0;
		};
/* End PBXCopyFilesBuildPhase section */

/* Begin PBXFileReference section */
		8A0A5BD989C53AE5D100FE31 /* libPods.a */ = {isa = PBXFileReference; explicitFileType = archive.ar; includeInIndex = 0; path = libPods.a; sourceTree = BUILT_PRODUCTS_DIR; };
		93987BD01A36556B005209A6 /* XExtensionItemExample.app */ = {isa = PBXFileReference; explicitFileType = wrapper.application; includeInIndex = 0; path = XExtensionItemExample.app; sourceTree = BUILT_PRODUCTS_DIR; };
		93987BD41A36556B005209A6 /* Info.plist */ = {isa = PBXFileReference; lastKnownFileType = text.plist.xml; path = Info.plist; sourceTree = "<group>"; };
		93987BD51A36556B005209A6 /* main.m */ = {isa = PBXFileReference; lastKnownFileType = sourcecode.c.objc; path = main.m; sourceTree = "<group>"; };
		93987BD71A36556B005209A6 /* AppDelegate.h */ = {isa = PBXFileReference; lastKnownFileType = sourcecode.c.h; path = AppDelegate.h; sourceTree = "<group>"; };
		93987BD81A36556B005209A6 /* AppDelegate.m */ = {isa = PBXFileReference; lastKnownFileType = sourcecode.c.objc; path = AppDelegate.m; sourceTree = "<group>"; };
		93987BDA1A36556B005209A6 /* ViewController.h */ = {isa = PBXFileReference; lastKnownFileType = sourcecode.c.h; path = ViewController.h; sourceTree = "<group>"; };
		93987BDB1A36556B005209A6 /* ViewController.m */ = {isa = PBXFileReference; lastKnownFileType = sourcecode.c.objc; path = ViewController.m; sourceTree = "<group>"; };
		93987BDE1A36556B005209A6 /* Base */ = {isa = PBXFileReference; lastKnownFileType = file.storyboard; name = Base; path = Base.lproj/Main.storyboard; sourceTree = "<group>"; };
		93987BE01A36556B005209A6 /* Images.xcassets */ = {isa = PBXFileReference; lastKnownFileType = folder.assetcatalog; path = Images.xcassets; sourceTree = "<group>"; };
		93987BE31A36556B005209A6 /* Base */ = {isa = PBXFileReference; lastKnownFileType = file.xib; name = Base; path = Base.lproj/LaunchScreen.xib; sourceTree = "<group>"; };
		93CFFD8A1A3656D6009E8F3A /* XExtensionItemShareExtensionExample.appex */ = {isa = PBXFileReference; explicitFileType = "wrapper.app-extension"; includeInIndex = 0; path = XExtensionItemShareExtensionExample.appex; sourceTree = BUILT_PRODUCTS_DIR; };
		93CFFD8D1A3656D6009E8F3A /* Info.plist */ = {isa = PBXFileReference; lastKnownFileType = text.plist.xml; path = Info.plist; sourceTree = "<group>"; };
		93CFFD8E1A3656D6009E8F3A /* ShareViewController.h */ = {isa = PBXFileReference; lastKnownFileType = sourcecode.c.h; path = ShareViewController.h; sourceTree = "<group>"; };
		93CFFD8F1A3656D6009E8F3A /* ShareViewController.m */ = {isa = PBXFileReference; lastKnownFileType = sourcecode.c.objc; path = ShareViewController.m; sourceTree = "<group>"; };
		93CFFD911A3656D6009E8F3A /* MainInterface.storyboard */ = {isa = PBXFileReference; lastKnownFileType = file.storyboard; path = MainInterface.storyboard; sourceTree = "<group>"; };
		93CFFD9A1A36582B009E8F3A /* thumbnail.png */ = {isa = PBXFileReference; lastKnownFileType = image.png; path = thumbnail.png; sourceTree = "<group>"; };
		93CFFD9C1A3659F6009E8F3A /* TumblrCustomShareParameters.h */ = {isa = PBXFileReference; fileEncoding = 4; lastKnownFileType = sourcecode.c.h; path = TumblrCustomShareParameters.h; sourceTree = "<group>"; };
		93CFFD9D1A3659F6009E8F3A /* TumblrCustomShareParameters.m */ = {isa = PBXFileReference; fileEncoding = 4; lastKnownFileType = sourcecode.c.objc; path = TumblrCustomShareParameters.m; sourceTree = "<group>"; };
		93F852541A3792D000B36271 /* MobileCoreServices.framework */ = {isa = PBXFileReference; lastKnownFileType = wrapper.framework; name = MobileCoreServices.framework; path = System/Library/Frameworks/MobileCoreServices.framework; sourceTree = SDKROOT; };
		C2007B9280B339C349AEE364 /* Pods.debug.xcconfig */ = {isa = PBXFileReference; includeInIndex = 1; lastKnownFileType = text.xcconfig; name = Pods.debug.xcconfig; path = "Pods/Target Support Files/Pods/Pods.debug.xcconfig"; sourceTree = "<group>"; };
		EF9C239453A4EA2E98601102 /* Pods.release.xcconfig */ = {isa = PBXFileReference; includeInIndex = 1; lastKnownFileType = text.xcconfig; name = Pods.release.xcconfig; path = "Pods/Target Support Files/Pods/Pods.release.xcconfig"; sourceTree = "<group>"; };
/* End PBXFileReference section */

/* Begin PBXFrameworksBuildPhase section */
		93987BCD1A36556B005209A6 /* Frameworks */ = {
			isa = PBXFrameworksBuildPhase;
			buildActionMask = 2147483647;
			files = (
				93F852551A3792D000B36271 /* MobileCoreServices.framework in Frameworks */,
				BDF37BDF28A9B7B324770E4E /* libPods.a in Frameworks */,
			);
			runOnlyForDeploymentPostprocessing = 0;
		};
		93CFFD871A3656D6009E8F3A /* Frameworks */ = {
			isa = PBXFrameworksBuildPhase;
			buildActionMask = 2147483647;
			files = (
				5B933684259D06EE12836191 /* libPods.a in Frameworks */,
			);
			runOnlyForDeploymentPostprocessing = 0;
		};
/* End PBXFrameworksBuildPhase section */

/* Begin PBXGroup section */
		32CE96205555CA8395B68837 /* Frameworks */ = {
			isa = PBXGroup;
			children = (
				93F852541A3792D000B36271 /* MobileCoreServices.framework */,
				8A0A5BD989C53AE5D100FE31 /* libPods.a */,
			);
			name = Frameworks;
			sourceTree = "<group>";
		};
		831F87565ECD6EC67BE8FBC1 /* Pods */ = {
			isa = PBXGroup;
			children = (
				C2007B9280B339C349AEE364 /* Pods.debug.xcconfig */,
				EF9C239453A4EA2E98601102 /* Pods.release.xcconfig */,
			);
			name = Pods;
			sourceTree = "<group>";
		};
		93987BC71A36556B005209A6 = {
			isa = PBXGroup;
			children = (
				93987BD21A36556B005209A6 /* App */,
				93CFFD8B1A3656D6009E8F3A /* Share extension */,
				93987BD11A36556B005209A6 /* Products */,
				831F87565ECD6EC67BE8FBC1 /* Pods */,
				32CE96205555CA8395B68837 /* Frameworks */,
			);
			sourceTree = "<group>";
		};
		93987BD11A36556B005209A6 /* Products */ = {
			isa = PBXGroup;
			children = (
				93987BD01A36556B005209A6 /* XExtensionItemExample.app */,
				93CFFD8A1A3656D6009E8F3A /* XExtensionItemShareExtensionExample.appex */,
			);
			name = Products;
			sourceTree = "<group>";
		};
		93987BD21A36556B005209A6 /* App */ = {
			isa = PBXGroup;
			children = (
				93987BD71A36556B005209A6 /* AppDelegate.h */,
				93987BD81A36556B005209A6 /* AppDelegate.m */,
				93CFFD9C1A3659F6009E8F3A /* TumblrCustomShareParameters.h */,
				93CFFD9D1A3659F6009E8F3A /* TumblrCustomShareParameters.m */,
				93987BDA1A36556B005209A6 /* ViewController.h */,
				93987BDB1A36556B005209A6 /* ViewController.m */,
				93987BDD1A36556B005209A6 /* Main.storyboard */,
				93987BE01A36556B005209A6 /* Images.xcassets */,
				93987BE21A36556B005209A6 /* LaunchScreen.xib */,
				93987BD31A36556B005209A6 /* Supporting Files */,
			);
			name = App;
			path = XExtensionItemExample;
			sourceTree = "<group>";
		};
		93987BD31A36556B005209A6 /* Supporting Files */ = {
			isa = PBXGroup;
			children = (
				93CFFD9A1A36582B009E8F3A /* thumbnail.png */,
				93987BD41A36556B005209A6 /* Info.plist */,
				93987BD51A36556B005209A6 /* main.m */,
			);
			name = "Supporting Files";
			sourceTree = "<group>";
		};
		93CFFD8B1A3656D6009E8F3A /* Share extension */ = {
			isa = PBXGroup;
			children = (
				93CFFD8E1A3656D6009E8F3A /* ShareViewController.h */,
				93CFFD8F1A3656D6009E8F3A /* ShareViewController.m */,
				93CFFD911A3656D6009E8F3A /* MainInterface.storyboard */,
				93CFFD8C1A3656D6009E8F3A /* Supporting Files */,
			);
			name = "Share extension";
			path = XExtensionItemShareExtensionExample;
			sourceTree = "<group>";
		};
		93CFFD8C1A3656D6009E8F3A /* Supporting Files */ = {
			isa = PBXGroup;
			children = (
				93CFFD8D1A3656D6009E8F3A /* Info.plist */,
			);
			name = "Supporting Files";
			sourceTree = "<group>";
		};
/* End PBXGroup section */

/* Begin PBXNativeTarget section */
		93987BCF1A36556B005209A6 /* XExtensionItemExample */ = {
			isa = PBXNativeTarget;
			buildConfigurationList = 93987BF31A36556B005209A6 /* Build configuration list for PBXNativeTarget "XExtensionItemExample" */;
			buildPhases = (
				21AB014797BF437CC4909115 /* Check Pods Manifest.lock */,
				93987BCC1A36556B005209A6 /* Sources */,
				93987BCD1A36556B005209A6 /* Frameworks */,
				93987BCE1A36556B005209A6 /* Resources */,
				E7571AA2D371C1D38A664BDB /* Copy Pods Resources */,
				93CFFD991A3656D6009E8F3A /* Embed App Extensions */,
			);
			buildRules = (
			);
			dependencies = (
				93CFFD941A3656D6009E8F3A /* PBXTargetDependency */,
			);
			name = XExtensionItemExample;
			productName = XExtensionItemExample;
			productReference = 93987BD01A36556B005209A6 /* XExtensionItemExample.app */;
			productType = "com.apple.product-type.application";
		};
		93CFFD891A3656D6009E8F3A /* XExtensionItemShareExtensionExample */ = {
			isa = PBXNativeTarget;
			buildConfigurationList = 93CFFD981A3656D6009E8F3A /* Build configuration list for PBXNativeTarget "XExtensionItemShareExtensionExample" */;
			buildPhases = (
				8C5131D57B6868A70207428F /* Check Pods Manifest.lock */,
				93CFFD861A3656D6009E8F3A /* Sources */,
				93CFFD871A3656D6009E8F3A /* Frameworks */,
				93CFFD881A3656D6009E8F3A /* Resources */,
				88598FE812E127C1FEC018EE /* Copy Pods Resources */,
			);
			buildRules = (
			);
			dependencies = (
			);
			name = XExtensionItemShareExtensionExample;
			productName = XExtensionItemShareExtensionExample;
			productReference = 93CFFD8A1A3656D6009E8F3A /* XExtensionItemShareExtensionExample.appex */;
			productType = "com.apple.product-type.app-extension";
		};
/* End PBXNativeTarget section */

/* Begin PBXProject section */
		93987BC81A36556B005209A6 /* Project object */ = {
			isa = PBXProject;
			attributes = {
				LastUpgradeCheck = 0610;
				ORGANIZATIONNAME = "Bryan Irace";
				TargetAttributes = {
					93987BCF1A36556B005209A6 = {
						CreatedOnToolsVersion = 6.1.1;
					};
					93CFFD891A3656D6009E8F3A = {
						CreatedOnToolsVersion = 6.1.1;
					};
				};
			};
			buildConfigurationList = 93987BCB1A36556B005209A6 /* Build configuration list for PBXProject "XExtensionItemExample" */;
			compatibilityVersion = "Xcode 3.2";
			developmentRegion = English;
			hasScannedForEncodings = 0;
			knownRegions = (
				en,
				Base,
			);
			mainGroup = 93987BC71A36556B005209A6;
			productRefGroup = 93987BD11A36556B005209A6 /* Products */;
			projectDirPath = "";
			projectRoot = "";
			targets = (
				93987BCF1A36556B005209A6 /* XExtensionItemExample */,
				93CFFD891A3656D6009E8F3A /* XExtensionItemShareExtensionExample */,
			);
		};
/* End PBXProject section */

/* Begin PBXResourcesBuildPhase section */
		93987BCE1A36556B005209A6 /* Resources */ = {
			isa = PBXResourcesBuildPhase;
			buildActionMask = 2147483647;
			files = (
				93CFFD9B1A36582B009E8F3A /* thumbnail.png in Resources */,
				93987BDF1A36556B005209A6 /* Main.storyboard in Resources */,
				93987BE41A36556B005209A6 /* LaunchScreen.xib in Resources */,
				93987BE11A36556B005209A6 /* Images.xcassets in Resources */,
			);
			runOnlyForDeploymentPostprocessing = 0;
		};
		93CFFD881A3656D6009E8F3A /* Resources */ = {
			isa = PBXResourcesBuildPhase;
			buildActionMask = 2147483647;
			files = (
				93CFFD921A3656D6009E8F3A /* MainInterface.storyboard in Resources */,
			);
			runOnlyForDeploymentPostprocessing = 0;
		};
/* End PBXResourcesBuildPhase section */

/* Begin PBXShellScriptBuildPhase section */
		21AB014797BF437CC4909115 /* Check Pods Manifest.lock */ = {
			isa = PBXShellScriptBuildPhase;
			buildActionMask = 2147483647;
			files = (
			);
			inputPaths = (
			);
			name = "Check Pods Manifest.lock";
			outputPaths = (
			);
			runOnlyForDeploymentPostprocessing = 0;
			shellPath = /bin/sh;
			shellScript = "diff \"${PODS_ROOT}/../Podfile.lock\" \"${PODS_ROOT}/Manifest.lock\" > /dev/null\nif [[ $? != 0 ]] ; then\n    cat << EOM\nerror: The sandbox is not in sync with the Podfile.lock. Run 'pod install' or update your CocoaPods installation.\nEOM\n    exit 1\nfi\n";
			showEnvVarsInLog = 0;
		};
		88598FE812E127C1FEC018EE /* Copy Pods Resources */ = {
			isa = PBXShellScriptBuildPhase;
			buildActionMask = 2147483647;
			files = (
			);
			inputPaths = (
			);
			name = "Copy Pods Resources";
			outputPaths = (
			);
			runOnlyForDeploymentPostprocessing = 0;
			shellPath = /bin/sh;
			shellScript = "\"${SRCROOT}/Pods/Target Support Files/Pods/Pods-resources.sh\"\n";
			showEnvVarsInLog = 0;
		};
		8C5131D57B6868A70207428F /* Check Pods Manifest.lock */ = {
			isa = PBXShellScriptBuildPhase;
			buildActionMask = 2147483647;
			files = (
			);
			inputPaths = (
			);
			name = "Check Pods Manifest.lock";
			outputPaths = (
			);
			runOnlyForDeploymentPostprocessing = 0;
			shellPath = /bin/sh;
			shellScript = "diff \"${PODS_ROOT}/../Podfile.lock\" \"${PODS_ROOT}/Manifest.lock\" > /dev/null\nif [[ $? != 0 ]] ; then\n    cat << EOM\nerror: The sandbox is not in sync with the Podfile.lock. Run 'pod install' or update your CocoaPods installation.\nEOM\n    exit 1\nfi\n";
			showEnvVarsInLog = 0;
		};
		E7571AA2D371C1D38A664BDB /* Copy Pods Resources */ = {
			isa = PBXShellScriptBuildPhase;
			buildActionMask = 2147483647;
			files = (
			);
			inputPaths = (
			);
			name = "Copy Pods Resources";
			outputPaths = (
			);
			runOnlyForDeploymentPostprocessing = 0;
			shellPath = /bin/sh;
			shellScript = "\"${SRCROOT}/Pods/Target Support Files/Pods/Pods-resources.sh\"\n";
			showEnvVarsInLog = 0;
		};
/* End PBXShellScriptBuildPhase section */

/* Begin PBXSourcesBuildPhase section */
		93987BCC1A36556B005209A6 /* Sources */ = {
			isa = PBXSourcesBuildPhase;
			buildActionMask = 2147483647;
			files = (
				93CFFD9E1A3659F6009E8F3A /* TumblrCustomShareParameters.m in Sources */,
				93987BDC1A36556B005209A6 /* ViewController.m in Sources */,
				93987BD91A36556B005209A6 /* AppDelegate.m in Sources */,
				93987BD61A36556B005209A6 /* main.m in Sources */,
			);
			runOnlyForDeploymentPostprocessing = 0;
		};
		93CFFD861A3656D6009E8F3A /* Sources */ = {
			isa = PBXSourcesBuildPhase;
			buildActionMask = 2147483647;
			files = (
				93CFFD9F1A365CDF009E8F3A /* TumblrCustomShareParameters.m in Sources */,
				93CFFD901A3656D6009E8F3A /* ShareViewController.m in Sources */,
			);
			runOnlyForDeploymentPostprocessing = 0;
		};
/* End PBXSourcesBuildPhase section */

/* Begin PBXTargetDependency section */
		93CFFD941A3656D6009E8F3A /* PBXTargetDependency */ = {
			isa = PBXTargetDependency;
			target = 93CFFD891A3656D6009E8F3A /* XExtensionItemShareExtensionExample */;
			targetProxy = 93CFFD931A3656D6009E8F3A /* PBXContainerItemProxy */;
		};
/* End PBXTargetDependency section */

/* Begin PBXVariantGroup section */
		93987BDD1A36556B005209A6 /* Main.storyboard */ = {
			isa = PBXVariantGroup;
			children = (
				93987BDE1A36556B005209A6 /* Base */,
			);
			name = Main.storyboard;
			sourceTree = "<group>";
		};
		93987BE21A36556B005209A6 /* LaunchScreen.xib */ = {
			isa = PBXVariantGroup;
			children = (
				93987BE31A36556B005209A6 /* Base */,
			);
			name = LaunchScreen.xib;
			sourceTree = "<group>";
		};
/* End PBXVariantGroup section */

/* Begin XCBuildConfiguration section */
		93987BF11A36556B005209A6 /* Debug */ = {
			isa = XCBuildConfiguration;
			buildSettings = {
				ALWAYS_SEARCH_USER_PATHS = NO;
				CLANG_CXX_LANGUAGE_STANDARD = "gnu++0x";
				CLANG_CXX_LIBRARY = "libc++";
				CLANG_ENABLE_MODULES = YES;
				CLANG_ENABLE_OBJC_ARC = YES;
				CLANG_WARN_BOOL_CONVERSION = YES;
				CLANG_WARN_CONSTANT_CONVERSION = YES;
				CLANG_WARN_DIRECT_OBJC_ISA_USAGE = YES_ERROR;
				CLANG_WARN_EMPTY_BODY = YES;
				CLANG_WARN_ENUM_CONVERSION = YES;
				CLANG_WARN_INT_CONVERSION = YES;
				CLANG_WARN_OBJC_ROOT_CLASS = YES_ERROR;
				CLANG_WARN_UNREACHABLE_CODE = YES;
				CLANG_WARN__DUPLICATE_METHOD_MATCH = YES;
				"CODE_SIGN_IDENTITY[sdk=iphoneos*]" = "iPhone Developer";
				COPY_PHASE_STRIP = NO;
				ENABLE_STRICT_OBJC_MSGSEND = YES;
				GCC_C_LANGUAGE_STANDARD = gnu99;
				GCC_DYNAMIC_NO_PIC = NO;
				GCC_OPTIMIZATION_LEVEL = 0;
				GCC_PREPROCESSOR_DEFINITIONS = (
					"DEBUG=1",
					"$(inherited)",
				);
				GCC_SYMBOLS_PRIVATE_EXTERN = NO;
				GCC_WARN_64_TO_32_BIT_CONVERSION = YES;
				GCC_WARN_ABOUT_RETURN_TYPE = YES_ERROR;
				GCC_WARN_UNDECLARED_SELECTOR = YES;
				GCC_WARN_UNINITIALIZED_AUTOS = YES_AGGRESSIVE;
				GCC_WARN_UNUSED_FUNCTION = YES;
				GCC_WARN_UNUSED_VARIABLE = YES;
				IPHONEOS_DEPLOYMENT_TARGET = 8.1;
				MTL_ENABLE_DEBUG_INFO = YES;
				ONLY_ACTIVE_ARCH = YES;
				SDKROOT = iphoneos;
				TARGETED_DEVICE_FAMILY = "1,2";
			};
			name = Debug;
		};
		93987BF21A36556B005209A6 /* Release */ = {
			isa = XCBuildConfiguration;
			buildSettings = {
				ALWAYS_SEARCH_USER_PATHS = NO;
				CLANG_CXX_LANGUAGE_STANDARD = "gnu++0x";
				CLANG_CXX_LIBRARY = "libc++";
				CLANG_ENABLE_MODULES = YES;
				CLANG_ENABLE_OBJC_ARC = YES;
				CLANG_WARN_BOOL_CONVERSION = YES;
				CLANG_WARN_CONSTANT_CONVERSION = YES;
				CLANG_WARN_DIRECT_OBJC_ISA_USAGE = YES_ERROR;
				CLANG_WARN_EMPTY_BODY = YES;
				CLANG_WARN_ENUM_CONVERSION = YES;
				CLANG_WARN_INT_CONVERSION = YES;
				CLANG_WARN_OBJC_ROOT_CLASS = YES_ERROR;
				CLANG_WARN_UNREACHABLE_CODE = YES;
				CLANG_WARN__DUPLICATE_METHOD_MATCH = YES;
				"CODE_SIGN_IDENTITY[sdk=iphoneos*]" = "iPhone Developer";
				COPY_PHASE_STRIP = YES;
				ENABLE_NS_ASSERTIONS = NO;
				ENABLE_STRICT_OBJC_MSGSEND = YES;
				GCC_C_LANGUAGE_STANDARD = gnu99;
				GCC_WARN_64_TO_32_BIT_CONVERSION = YES;
				GCC_WARN_ABOUT_RETURN_TYPE = YES_ERROR;
				GCC_WARN_UNDECLARED_SELECTOR = YES;
				GCC_WARN_UNINITIALIZED_AUTOS = YES_AGGRESSIVE;
				GCC_WARN_UNUSED_FUNCTION = YES;
				GCC_WARN_UNUSED_VARIABLE = YES;
				IPHONEOS_DEPLOYMENT_TARGET = 8.1;
				MTL_ENABLE_DEBUG_INFO = NO;
				SDKROOT = iphoneos;
				TARGETED_DEVICE_FAMILY = "1,2";
				VALIDATE_PRODUCT = YES;
			};
			name = Release;
		};
		93987BF41A36556B005209A6 /* Debug */ = {
			isa = XCBuildConfiguration;
			baseConfigurationReference = C2007B9280B339C349AEE364 /* Pods.debug.xcconfig */;
			buildSettings = {
				ASSETCATALOG_COMPILER_APPICON_NAME = AppIcon;
				INFOPLIST_FILE = XExtensionItemExample/Info.plist;
				LD_RUNPATH_SEARCH_PATHS = "$(inherited) @executable_path/Frameworks";
				PRODUCT_NAME = "$(TARGET_NAME)";
			};
			name = Debug;
		};
		93987BF51A36556B005209A6 /* Release */ = {
			isa = XCBuildConfiguration;
			baseConfigurationReference = EF9C239453A4EA2E98601102 /* Pods.release.xcconfig */;
			buildSettings = {
				ASSETCATALOG_COMPILER_APPICON_NAME = AppIcon;
				INFOPLIST_FILE = XExtensionItemExample/Info.plist;
				LD_RUNPATH_SEARCH_PATHS = "$(inherited) @executable_path/Frameworks";
				PRODUCT_NAME = "$(TARGET_NAME)";
			};
			name = Release;
		};
		93CFFD961A3656D6009E8F3A /* Debug */ = {
			isa = XCBuildConfiguration;
			baseConfigurationReference = C2007B9280B339C349AEE364 /* Pods.debug.xcconfig */;
			buildSettings = {
				GCC_PREPROCESSOR_DEFINITIONS = (
					"DEBUG=1",
					"$(inherited)",
				);
				INFOPLIST_FILE = XExtensionItemShareExtensionExample/Info.plist;
				LD_RUNPATH_SEARCH_PATHS = "$(inherited) @executable_path/Frameworks @executable_path/../../Frameworks";
				PRODUCT_NAME = "$(TARGET_NAME)";
				SKIP_INSTALL = YES;
			};
			name = Debug;
		};
		93CFFD971A3656D6009E8F3A /* Release */ = {
			isa = XCBuildConfiguration;
			baseConfigurationReference = EF9C239453A4EA2E98601102 /* Pods.release.xcconfig */;
			buildSettings = {
				INFOPLIST_FILE = XExtensionItemShareExtensionExample/Info.plist;
				LD_RUNPATH_SEARCH_PATHS = "$(inherited) @executable_path/Frameworks @executable_path/../../Frameworks";
				PRODUCT_NAME = "$(TARGET_NAME)";
				SKIP_INSTALL = YES;
			};
			name = Release;
		};
/* End XCBuildConfiguration section */

/* Begin XCConfigurationList section */
		93987BCB1A36556B005209A6 /* Build configuration list for PBXProject "XExtensionItemExample" */ = {
			isa = XCConfigurationList;
			buildConfigurations = (
				93987BF11A36556B005209A6 /* Debug */,
				93987BF21A36556B005209A6 /* Release */,
			);
			defaultConfigurationIsVisible = 0;
			defaultConfigurationName = Release;
		};
		93987BF31A36556B005209A6 /* Build configuration list for PBXNativeTarget "XExtensionItemExample" */ = {
			isa = XCConfigurationList;
			buildConfigurations = (
				93987BF41A36556B005209A6 /* Debug */,
				93987BF51A36556B005209A6 /* Release */,
			);
			defaultConfigurationIsVisible = 0;
			defaultConfigurationName = Release;
		};
		93CFFD981A3656D6009E8F3A /* Build configuration list for PBXNativeTarget "XExtensionItemShareExtensionExample" */ = {
			isa = XCConfigurationList;
			buildConfigurations = (
				93CFFD961A3656D6009E8F3A /* Debug */,
				93CFFD971A3656D6009E8F3A /* Release */,
			);
			defaultConfigurationIsVisible = 0;
			defaultConfigurationName = Release;
		};
/* End XCConfigurationList section */
	};
	rootObject = 93987BC81A36556B005209A6 /* Project object */;
}
