PODS:
  - XExtensionItem (0.2.0):
    - XExtensionItem/Core (= 0.2.0)
    - XExtensionItem/Tumblr (= 0.2.0)
  - XExtensionItem/Core (0.2.0)
  - XExtensionItem/Tumblr (0.2.0):
    - XExtensionItem/Core

DEPENDENCIES:
  - XExtensionItem (from `../`)

EXTERNAL SOURCES:
  XExtensionItem:
    :path: ../

SPEC CHECKSUMS:
  XExtensionItem: 0d6a1701f071bce2fe0a14b6360156c93680b44f

COCOAPODS: 0.37.1
